PODS:
  - SlidingNumberView (0.0.4)

DEPENDENCIES:
  - SlidingNumberView (from `../`)

EXTERNAL SOURCES:
  SlidingNumberView:
    :path: "../"

SPEC CHECKSUMS:
  SlidingNumberView: 732e134d3d3d66d520e23a5d7dd8adf23be6b403

PODFILE CHECKSUM: d2596f909db0a372bbcffe59d0c6ad248f78bc42

COCOAPODS: 1.7.2
