PODS:
  - SlidingNumberView (0.0.6)

DEPENDENCIES:
  - SlidingNumberView (from `../`)

EXTERNAL SOURCES:
  SlidingNumberView:
    :path: "../"

SPEC CHECKSUMS:
  SlidingNumberView: b4701f14bcb02e4f3627f9f43cf4254b7012402d

PODFILE CHECKSUM: d2596f909db0a372bbcffe59d0c6ad248f78bc42

COCOAPODS: 1.7.2
